// !$*UTF8*$!
{
	archiveVersion = 1;
	classes = {
	};
	objectVersion = 50;
	objects = {

/* Begin PBXBuildFile section */
		F177C862247033D100FAB092 /* Parser.swift in Sources */ = {isa = PBXBuildFile; fileRef = F177C861247033D100FAB092 /* Parser.swift */; };
		F177C8642470428F00FAB092 /* ParserError.swift in Sources */ = {isa = PBXBuildFile; fileRef = F177C8632470428F00FAB092 /* ParserError.swift */; };
		F177C86624708E9200FAB092 /* ParserPacketCallback.swift in Sources */ = {isa = PBXBuildFile; fileRef = F177C86524708E9200FAB092 /* ParserPacketCallback.swift */; };
		F177C86824708F4200FAB092 /* ParserPropertyChangeCallback.swift in Sources */ = {isa = PBXBuildFile; fileRef = F177C86724708F4200FAB092 /* ParserPropertyChangeCallback.swift */; };
		F1975C9C24702BAB00601954 /* AppDelegate.swift in Sources */ = {isa = PBXBuildFile; fileRef = F1975C9B24702BAB00601954 /* AppDelegate.swift */; };
		F1975C9E24702BAB00601954 /* SceneDelegate.swift in Sources */ = {isa = PBXBuildFile; fileRef = F1975C9D24702BAB00601954 /* SceneDelegate.swift */; };
		F1975CA024702BAB00601954 /* ViewController.swift in Sources */ = {isa = PBXBuildFile; fileRef = F1975C9F24702BAB00601954 /* ViewController.swift */; };
		F1975CA324702BAB00601954 /* Main.storyboard in Resources */ = {isa = PBXBuildFile; fileRef = F1975CA124702BAB00601954 /* Main.storyboard */; };
		F1975CA524702BAC00601954 /* Assets.xcassets in Resources */ = {isa = PBXBuildFile; fileRef = F1975CA424702BAC00601954 /* Assets.xcassets */; };
		F1975CA824702BAC00601954 /* LaunchScreen.storyboard in Resources */ = {isa = PBXBuildFile; fileRef = F1975CA624702BAC00601954 /* LaunchScreen.storyboard */; };
		F1975CB124702C4F00601954 /* Downloader.swift in Sources */ = {isa = PBXBuildFile; fileRef = F1975CB024702C4F00601954 /* Downloader.swift */; };
		F1975CB424702C9E00601954 /* DownloaderDelegate.swift in Sources */ = {isa = PBXBuildFile; fileRef = F1975CB324702C9E00601954 /* DownloaderDelegate.swift */; };
		F1975CB624702CD100601954 /* DownloaderState.swift in Sources */ = {isa = PBXBuildFile; fileRef = F1975CB524702CD100601954 /* DownloaderState.swift */; };
/* End PBXBuildFile section */

/* Begin PBXFileReference section */
		F177C861247033D100FAB092 /* Parser.swift */ = {isa = PBXFileReference; lastKnownFileType = sourcecode.swift; path = Parser.swift; sourceTree = "<group>"; };
		F177C8632470428F00FAB092 /* ParserError.swift */ = {isa = PBXFileReference; lastKnownFileType = sourcecode.swift; path = ParserError.swift; sourceTree = "<group>"; };
		F177C86524708E9200FAB092 /* ParserPacketCallback.swift */ = {isa = PBXFileReference; lastKnownFileType = sourcecode.swift; path = ParserPacketCallback.swift; sourceTree = "<group>"; };
		F177C86724708F4200FAB092 /* ParserPropertyChangeCallback.swift */ = {isa = PBXFileReference; lastKnownFileType = sourcecode.swift; path = ParserPropertyChangeCallback.swift; sourceTree = "<group>"; };
		F1975C9824702BAB00601954 /* AudioPlayer.app */ = {isa = PBXFileReference; explicitFileType = wrapper.application; includeInIndex = 0; path = AudioPlayer.app; sourceTree = BUILT_PRODUCTS_DIR; };
		F1975C9B24702BAB00601954 /* AppDelegate.swift */ = {isa = PBXFileReference; lastKnownFileType = sourcecode.swift; path = AppDelegate.swift; sourceTree = "<group>"; };
		F1975C9D24702BAB00601954 /* SceneDelegate.swift */ = {isa = PBXFileReference; lastKnownFileType = sourcecode.swift; path = SceneDelegate.swift; sourceTree = "<group>"; };
		F1975C9F24702BAB00601954 /* ViewController.swift */ = {isa = PBXFileReference; lastKnownFileType = sourcecode.swift; path = ViewController.swift; sourceTree = "<group>"; };
		F1975CA224702BAB00601954 /* Base */ = {isa = PBXFileReference; lastKnownFileType = file.storyboard; name = Base; path = Base.lproj/Main.storyboard; sourceTree = "<group>"; };
		F1975CA424702BAC00601954 /* Assets.xcassets */ = {isa = PBXFileReference; lastKnownFileType = folder.assetcatalog; path = Assets.xcassets; sourceTree = "<group>"; };
		F1975CA724702BAC00601954 /* Base */ = {isa = PBXFileReference; lastKnownFileType = file.storyboard; name = Base; path = Base.lproj/LaunchScreen.storyboard; sourceTree = "<group>"; };
		F1975CA924702BAC00601954 /* Info.plist */ = {isa = PBXFileReference; lastKnownFileType = text.plist.xml; path = Info.plist; sourceTree = "<group>"; };
		F1975CB024702C4F00601954 /* Downloader.swift */ = {isa = PBXFileReference; lastKnownFileType = sourcecode.swift; path = Downloader.swift; sourceTree = "<group>"; };
		F1975CB324702C9E00601954 /* DownloaderDelegate.swift */ = {isa = PBXFileReference; lastKnownFileType = sourcecode.swift; path = DownloaderDelegate.swift; sourceTree = "<group>"; };
		F1975CB524702CD100601954 /* DownloaderState.swift */ = {isa = PBXFileReference; lastKnownFileType = sourcecode.swift; path = DownloaderState.swift; sourceTree = "<group>"; };
/* End PBXFileReference section */

/* Begin PBXFrameworksBuildPhase section */
		F1975C9524702BAB00601954 /* Frameworks */ = {
			isa = PBXFrameworksBuildPhase;
			buildActionMask = 2147483647;
			files = (
			);
			runOnlyForDeploymentPostprocessing = 0;
		};
/* End PBXFrameworksBuildPhase section */

/* Begin PBXGroup section */
		F177C8602470339D00FAB092 /* Parser */ = {
			isa = PBXGroup;
			children = (
				F177C861247033D100FAB092 /* Parser.swift */,
				F177C8632470428F00FAB092 /* ParserError.swift */,
				F177C86524708E9200FAB092 /* ParserPacketCallback.swift */,
				F177C86724708F4200FAB092 /* ParserPropertyChangeCallback.swift */,
			);
			path = Parser;
			sourceTree = "<group>";
		};
		F1975C8F24702BAA00601954 = {
			isa = PBXGroup;
			children = (
				F1975C9A24702BAB00601954 /* AudioPlayer */,
				F1975C9924702BAB00601954 /* Products */,
			);
			sourceTree = "<group>";
		};
		F1975C9924702BAB00601954 /* Products */ = {
			isa = PBXGroup;
			children = (
				F1975C9824702BAB00601954 /* AudioPlayer.app */,
			);
			name = Products;
			sourceTree = "<group>";
		};
		F1975C9A24702BAB00601954 /* AudioPlayer */ = {
			isa = PBXGroup;
			children = (
				F1975CAF24702BB600601954 /* AudioPlayer */,
				F1975C9B24702BAB00601954 /* AppDelegate.swift */,
				F1975C9D24702BAB00601954 /* SceneDelegate.swift */,
				F1975C9F24702BAB00601954 /* ViewController.swift */,
				F1975CA124702BAB00601954 /* Main.storyboard */,
				F1975CA424702BAC00601954 /* Assets.xcassets */,
				F1975CA624702BAC00601954 /* LaunchScreen.storyboard */,
				F1975CA924702BAC00601954 /* Info.plist */,
			);
			path = AudioPlayer;
			sourceTree = "<group>";
		};
		F1975CAF24702BB600601954 /* AudioPlayer */ = {
			isa = PBXGroup;
			children = (
				F177C8602470339D00FAB092 /* Parser */,
				F1975CB224702C6900601954 /* Downloader */,
			);
			path = AudioPlayer;
			sourceTree = "<group>";
		};
		F1975CB224702C6900601954 /* Downloader */ = {
			isa = PBXGroup;
			children = (
				F1975CB024702C4F00601954 /* Downloader.swift */,
				F1975CB324702C9E00601954 /* DownloaderDelegate.swift */,
				F1975CB524702CD100601954 /* DownloaderState.swift */,
			);
			path = Downloader;
			sourceTree = "<group>";
		};
/* End PBXGroup section */

/* Begin PBXNativeTarget section */
		F1975C9724702BAB00601954 /* AudioPlayer */ = {
			isa = PBXNativeTarget;
			buildConfigurationList = F1975CAC24702BAC00601954 /* Build configuration list for PBXNativeTarget "AudioPlayer" */;
			buildPhases = (
				F1975C9424702BAB00601954 /* Sources */,
				F1975C9524702BAB00601954 /* Frameworks */,
				F1975C9624702BAB00601954 /* Resources */,
			);
			buildRules = (
			);
			dependencies = (
			);
			name = AudioPlayer;
			productName = AudioPlayer;
			productReference = F1975C9824702BAB00601954 /* AudioPlayer.app */;
			productType = "com.apple.product-type.application";
		};
/* End PBXNativeTarget section */

/* Begin PBXProject section */
		F1975C9024702BAA00601954 /* Project object */ = {
			isa = PBXProject;
			attributes = {
				LastSwiftUpdateCheck = 1130;
				LastUpgradeCheck = 1130;
				ORGANIZATIONNAME = "Yusuf Kildan";
				TargetAttributes = {
					F1975C9724702BAB00601954 = {
						CreatedOnToolsVersion = 11.3.1;
					};
				};
			};
			buildConfigurationList = F1975C9324702BAA00601954 /* Build configuration list for PBXProject "AudioPlayer" */;
			compatibilityVersion = "Xcode 9.3";
			developmentRegion = en;
			hasScannedForEncodings = 0;
			knownRegions = (
				en,
				Base,
			);
			mainGroup = F1975C8F24702BAA00601954;
			productRefGroup = F1975C9924702BAB00601954 /* Products */;
			projectDirPath = "";
			projectRoot = "";
			targets = (
				F1975C9724702BAB00601954 /* AudioPlayer */,
			);
		};
/* End PBXProject section */

/* Begin PBXResourcesBuildPhase section */
		F1975C9624702BAB00601954 /* Resources */ = {
			isa = PBXResourcesBuildPhase;
			buildActionMask = 2147483647;
			files = (
				F1975CA824702BAC00601954 /* LaunchScreen.storyboard in Resources */,
				F1975CA524702BAC00601954 /* Assets.xcassets in Resources */,
				F1975CA324702BAB00601954 /* Main.storyboard in Resources */,
			);
			runOnlyForDeploymentPostprocessing = 0;
		};
/* End PBXResourcesBuildPhase section */

/* Begin PBXSourcesBuildPhase section */
		F1975C9424702BAB00601954 /* Sources */ = {
			isa = PBXSourcesBuildPhase;
			buildActionMask = 2147483647;
			files = (
				F177C86824708F4200FAB092 /* ParserPropertyChangeCallback.swift in Sources */,
				F1975CB624702CD100601954 /* DownloaderState.swift in Sources */,
				F1975CA024702BAB00601954 /* ViewController.swift in Sources */,
				F1975C9C24702BAB00601954 /* AppDelegate.swift in Sources */,
				F1975CB124702C4F00601954 /* Downloader.swift in Sources */,
				F1975C9E24702BAB00601954 /* SceneDelegate.swift in Sources */,
				F177C8642470428F00FAB092 /* ParserError.swift in Sources */,
				F1975CB424702C9E00601954 /* DownloaderDelegate.swift in Sources */,
				F177C86624708E9200FAB092 /* ParserPacketCallback.swift in Sources */,
				F177C862247033D100FAB092 /* Parser.swift in Sources */,
			);
			runOnlyForDeploymentPostprocessing = 0;
		};
/* End PBXSourcesBuildPhase section */

/* Begin PBXVariantGroup section */
		F1975CA124702BAB00601954 /* Main.storyboard */ = {
			isa = PBXVariantGroup;
			children = (
				F1975CA224702BAB00601954 /* Base */,
			);
			name = Main.storyboard;
			sourceTree = "<group>";
		};
		F1975CA624702BAC00601954 /* LaunchScreen.storyboard */ = {
			isa = PBXVariantGroup;
			children = (
				F1975CA724702BAC00601954 /* Base */,
			);
			name = LaunchScreen.storyboard;
			sourceTree = "<group>";
		};
/* End PBXVariantGroup section */

/* Begin XCBuildConfiguration section */
		F1975CAA24702BAC00601954 /* Debug */ = {
			isa = XCBuildConfiguration;
			buildSettings = {
				ALWAYS_SEARCH_USER_PATHS = NO;
				CLANG_ANALYZER_NONNULL = YES;
				CLANG_ANALYZER_NUMBER_OBJECT_CONVERSION = YES_AGGRESSIVE;
				CLANG_CXX_LANGUAGE_STANDARD = "gnu++14";
				CLANG_CXX_LIBRARY = "libc++";
				CLANG_ENABLE_MODULES = YES;
				CLANG_ENABLE_OBJC_ARC = YES;
				CLANG_ENABLE_OBJC_WEAK = YES;
				CLANG_WARN_BLOCK_CAPTURE_AUTORELEASING = YES;
				CLANG_WARN_BOOL_CONVERSION = YES;
				CLANG_WARN_COMMA = YES;
				CLANG_WARN_CONSTANT_CONVERSION = YES;
				CLANG_WARN_DEPRECATED_OBJC_IMPLEMENTATIONS = YES;
				CLANG_WARN_DIRECT_OBJC_ISA_USAGE = YES_ERROR;
				CLANG_WARN_DOCUMENTATION_COMMENTS = YES;
				CLANG_WARN_EMPTY_BODY = YES;
				CLANG_WARN_ENUM_CONVERSION = YES;
				CLANG_WARN_INFINITE_RECURSION = YES;
				CLANG_WARN_INT_CONVERSION = YES;
				CLANG_WARN_NON_LITERAL_NULL_CONVERSION = YES;
				CLANG_WARN_OBJC_IMPLICIT_RETAIN_SELF = YES;
				CLANG_WARN_OBJC_LITERAL_CONVERSION = YES;
				CLANG_WARN_OBJC_ROOT_CLASS = YES_ERROR;
				CLANG_WARN_RANGE_LOOP_ANALYSIS = YES;
				CLANG_WARN_STRICT_PROTOTYPES = YES;
				CLANG_WARN_SUSPICIOUS_MOVE = YES;
				CLANG_WARN_UNGUARDED_AVAILABILITY = YES_AGGRESSIVE;
				CLANG_WARN_UNREACHABLE_CODE = YES;
				CLANG_WARN__DUPLICATE_METHOD_MATCH = YES;
				COPY_PHASE_STRIP = NO;
				DEBUG_INFORMATION_FORMAT = dwarf;
				ENABLE_STRICT_OBJC_MSGSEND = YES;
				ENABLE_TESTABILITY = YES;
				GCC_C_LANGUAGE_STANDARD = gnu11;
				GCC_DYNAMIC_NO_PIC = NO;
				GCC_NO_COMMON_BLOCKS = YES;
				GCC_OPTIMIZATION_LEVEL = 0;
				GCC_PREPROCESSOR_DEFINITIONS = (
					"DEBUG=1",
					"$(inherited)",
				);
				GCC_WARN_64_TO_32_BIT_CONVERSION = YES;
				GCC_WARN_ABOUT_RETURN_TYPE = YES_ERROR;
				GCC_WARN_UNDECLARED_SELECTOR = YES;
				GCC_WARN_UNINITIALIZED_AUTOS = YES_AGGRESSIVE;
				GCC_WARN_UNUSED_FUNCTION = YES;
				GCC_WARN_UNUSED_VARIABLE = YES;
				IPHONEOS_DEPLOYMENT_TARGET = 13.2;
				MTL_ENABLE_DEBUG_INFO = INCLUDE_SOURCE;
				MTL_FAST_MATH = YES;
				ONLY_ACTIVE_ARCH = YES;
				SDKROOT = iphoneos;
				SWIFT_ACTIVE_COMPILATION_CONDITIONS = DEBUG;
				SWIFT_OPTIMIZATION_LEVEL = "-Onone";
			};
			name = Debug;
		};
		F1975CAB24702BAC00601954 /* Release */ = {
			isa = XCBuildConfiguration;
			buildSettings = {
				ALWAYS_SEARCH_USER_PATHS = NO;
				CLANG_ANALYZER_NONNULL = YES;
				CLANG_ANALYZER_NUMBER_OBJECT_CONVERSION = YES_AGGRESSIVE;
				CLANG_CXX_LANGUAGE_STANDARD = "gnu++14";
				CLANG_CXX_LIBRARY = "libc++";
				CLANG_ENABLE_MODULES = YES;
				CLANG_ENABLE_OBJC_ARC = YES;
				CLANG_ENABLE_OBJC_WEAK = YES;
				CLANG_WARN_BLOCK_CAPTURE_AUTORELEASING = YES;
				CLANG_WARN_BOOL_CONVERSION = YES;
				CLANG_WARN_COMMA = YES;
				CLANG_WARN_CONSTANT_CONVERSION = YES;
				CLANG_WARN_DEPRECATED_OBJC_IMPLEMENTATIONS = YES;
				CLANG_WARN_DIRECT_OBJC_ISA_USAGE = YES_ERROR;
				CLANG_WARN_DOCUMENTATION_COMMENTS = YES;
				CLANG_WARN_EMPTY_BODY = YES;
				CLANG_WARN_ENUM_CONVERSION = YES;
				CLANG_WARN_INFINITE_RECURSION = YES;
				CLANG_WARN_INT_CONVERSION = YES;
				CLANG_WARN_NON_LITERAL_NULL_CONVERSION = YES;
				CLANG_WARN_OBJC_IMPLICIT_RETAIN_SELF = YES;
				CLANG_WARN_OBJC_LITERAL_CONVERSION = YES;
				CLANG_WARN_OBJC_ROOT_CLASS = YES_ERROR;
				CLANG_WARN_RANGE_LOOP_ANALYSIS = YES;
				CLANG_WARN_STRICT_PROTOTYPES = YES;
				CLANG_WARN_SUSPICIOUS_MOVE = YES;
				CLANG_WARN_UNGUARDED_AVAILABILITY = YES_AGGRESSIVE;
				CLANG_WARN_UNREACHABLE_CODE = YES;
				CLANG_WARN__DUPLICATE_METHOD_MATCH = YES;
				COPY_PHASE_STRIP = NO;
				DEBUG_INFORMATION_FORMAT = "dwarf-with-dsym";
				ENABLE_NS_ASSERTIONS = NO;
				ENABLE_STRICT_OBJC_MSGSEND = YES;
				GCC_C_LANGUAGE_STANDARD = gnu11;
				GCC_NO_COMMON_BLOCKS = YES;
				GCC_WARN_64_TO_32_BIT_CONVERSION = YES;
				GCC_WARN_ABOUT_RETURN_TYPE = YES_ERROR;
				GCC_WARN_UNDECLARED_SELECTOR = YES;
				GCC_WARN_UNINITIALIZED_AUTOS = YES_AGGRESSIVE;
				GCC_WARN_UNUSED_FUNCTION = YES;
				GCC_WARN_UNUSED_VARIABLE = YES;
				IPHONEOS_DEPLOYMENT_TARGET = 13.2;
				MTL_ENABLE_DEBUG_INFO = NO;
				MTL_FAST_MATH = YES;
				SDKROOT = iphoneos;
				SWIFT_COMPILATION_MODE = wholemodule;
				SWIFT_OPTIMIZATION_LEVEL = "-O";
				VALIDATE_PRODUCT = YES;
			};
			name = Release;
		};
		F1975CAD24702BAC00601954 /* Debug */ = {
			isa = XCBuildConfiguration;
			buildSettings = {
				ASSETCATALOG_COMPILER_APPICON_NAME = AppIcon;
				CODE_SIGN_STYLE = Automatic;
				INFOPLIST_FILE = AudioPlayer/Info.plist;
				LD_RUNPATH_SEARCH_PATHS = (
					"$(inherited)",
					"@executable_path/Frameworks",
				);
				PRODUCT_BUNDLE_IDENTIFIER = com.yusufkildan.AudioPlayer;
				PRODUCT_NAME = "$(TARGET_NAME)";
				SWIFT_VERSION = 5.0;
				TARGETED_DEVICE_FAMILY = "1,2";
			};
			name = Debug;
		};
		F1975CAE24702BAC00601954 /* Release */ = {
			isa = XCBuildConfiguration;
			buildSettings = {
				ASSETCATALOG_COMPILER_APPICON_NAME = AppIcon;
				CODE_SIGN_STYLE = Automatic;
				INFOPLIST_FILE = AudioPlayer/Info.plist;
				LD_RUNPATH_SEARCH_PATHS = (
					"$(inherited)",
					"@executable_path/Frameworks",
				);
				PRODUCT_BUNDLE_IDENTIFIER = com.yusufkildan.AudioPlayer;
				PRODUCT_NAME = "$(TARGET_NAME)";
				SWIFT_VERSION = 5.0;
				TARGETED_DEVICE_FAMILY = "1,2";
			};
			name = Release;
		};
/* End XCBuildConfiguration section */

/* Begin XCConfigurationList section */
		F1975C9324702BAA00601954 /* Build configuration list for PBXProject "AudioPlayer" */ = {
			isa = XCConfigurationList;
			buildConfigurations = (
				F1975CAA24702BAC00601954 /* Debug */,
				F1975CAB24702BAC00601954 /* Release */,
			);
			defaultConfigurationIsVisible = 0;
			defaultConfigurationName = Release;
		};
		F1975CAC24702BAC00601954 /* Build configuration list for PBXNativeTarget "AudioPlayer" */ = {
			isa = XCConfigurationList;
			buildConfigurations = (
				F1975CAD24702BAC00601954 /* Debug */,
				F1975CAE24702BAC00601954 /* Release */,
			);
			defaultConfigurationIsVisible = 0;
			defaultConfigurationName = Release;
		};
/* End XCConfigurationList section */
	};
	rootObject = F1975C9024702BAA00601954 /* Project object */;
}
